// !$*UTF8*$!
{
	archiveVersion = 1;
	classes = {
	};
	objectVersion = 46;
	objects = {

/* Begin PBXBuildFile section */
		3F10BE3414C9960800220F88 /* simon_blue_dwn.png in Resources */ = {isa = PBXBuildFile; fileRef = 3F10BE2C14C9960800220F88 /* simon_blue_dwn.png */; };
		3F10BE3514C9960800220F88 /* simon_blue_up.png in Resources */ = {isa = PBXBuildFile; fileRef = 3F10BE2D14C9960800220F88 /* simon_blue_up.png */; };
		3F10BE3614C9960800220F88 /* simon_green_dwn.png in Resources */ = {isa = PBXBuildFile; fileRef = 3F10BE2E14C9960800220F88 /* simon_green_dwn.png */; };
		3F10BE3714C9960800220F88 /* simon_green_up.png in Resources */ = {isa = PBXBuildFile; fileRef = 3F10BE2F14C9960800220F88 /* simon_green_up.png */; };
		3F10BE3814C9960800220F88 /* simon_red_dwn.png in Resources */ = {isa = PBXBuildFile; fileRef = 3F10BE3014C9960800220F88 /* simon_red_dwn.png */; };
		3F10BE3914C9960800220F88 /* simon_red_up.png in Resources */ = {isa = PBXBuildFile; fileRef = 3F10BE3114C9960800220F88 /* simon_red_up.png */; };
		3F10BE3A14C9960800220F88 /* simon_yel_dwn.png in Resources */ = {isa = PBXBuildFile; fileRef = 3F10BE3214C9960800220F88 /* simon_yel_dwn.png */; };
		3F10BE3B14C9960800220F88 /* simon_yel_up.png in Resources */ = {isa = PBXBuildFile; fileRef = 3F10BE3314C9960800220F88 /* simon_yel_up.png */; };
		3F1D4EE814D2C21A006D5BE7 /* DGGameSimonSays.xib in Resources */ = {isa = PBXBuildFile; fileRef = 3F1D4EE514D2C21A006D5BE7 /* DGGameSimonSays.xib */; };
		3F1D4EE914D2C21A006D5BE7 /* DGGameSimonSays.m in Sources */ = {isa = PBXBuildFile; fileRef = 3F1D4EE714D2C21A006D5BE7 /* DGGameSimonSays.m */; };
		3F3A730814D17F9D00ECD451 /* DGController.m in Sources */ = {isa = PBXBuildFile; fileRef = 3F3A730714D17F9D00ECD451 /* DGController.m */; };
		3F3A731414D1821800ECD451 /* DGDrink.m in Sources */ = {isa = PBXBuildFile; fileRef = 3F3A731314D1821800ECD451 /* DGDrink.m */; };
		3F3A731A14D186F500ECD451 /* DGConsumption.m in Sources */ = {isa = PBXBuildFile; fileRef = 3F3A731914D186F500ECD451 /* DGConsumption.m */; };
		3F3AFEC914C04EF300A992F7 /* UIKit.framework in Frameworks */ = {isa = PBXBuildFile; fileRef = 3F3AFEC814C04EF300A992F7 /* UIKit.framework */; };
		3F3AFECB14C04EF300A992F7 /* Foundation.framework in Frameworks */ = {isa = PBXBuildFile; fileRef = 3F3AFECA14C04EF300A992F7 /* Foundation.framework */; };
		3F3AFECD14C04EF300A992F7 /* CoreGraphics.framework in Frameworks */ = {isa = PBXBuildFile; fileRef = 3F3AFECC14C04EF300A992F7 /* CoreGraphics.framework */; };
		3F3AFED314C04EF300A992F7 /* InfoPlist.strings in Resources */ = {isa = PBXBuildFile; fileRef = 3F3AFED114C04EF300A992F7 /* InfoPlist.strings */; };
		3F3AFED514C04EF300A992F7 /* main.m in Sources */ = {isa = PBXBuildFile; fileRef = 3F3AFED414C04EF300A992F7 /* main.m */; };
		3F3AFED914C04EF300A992F7 /* DrinkingGameAppDelegate.m in Sources */ = {isa = PBXBuildFile; fileRef = 3F3AFED814C04EF300A992F7 /* DrinkingGameAppDelegate.m */; };
		3F3AFEDC14C04EF300A992F7 /* MainWindow.xib in Resources */ = {isa = PBXBuildFile; fileRef = 3F3AFEDA14C04EF300A992F7 /* MainWindow.xib */; };
		3F3AFEDF14C04EF300A992F7 /* DrinkingGameViewController.m in Sources */ = {isa = PBXBuildFile; fileRef = 3F3AFEDE14C04EF300A992F7 /* DrinkingGameViewController.m */; };
		3F3AFEE214C04EF300A992F7 /* DrinkingGameViewController.xib in Resources */ = {isa = PBXBuildFile; fileRef = 3F3AFEE014C04EF300A992F7 /* DrinkingGameViewController.xib */; };
		3F40EB8F14C9A85D009B35A5 /* CoreData.framework in Frameworks */ = {isa = PBXBuildFile; fileRef = 3F40EB8E14C9A85D009B35A5 /* CoreData.framework */; };
		3F4B704A14E3E4ED00BAE149 /* DGStartMenu.m in Sources */ = {isa = PBXBuildFile; fileRef = 3F4B704814E3E4ED00BAE149 /* DGStartMenu.m */; };
		3F4B704B14E3E4ED00BAE149 /* DGStartMenu.xib in Resources */ = {isa = PBXBuildFile; fileRef = 3F4B704914E3E4ED00BAE149 /* DGStartMenu.xib */; };
		3F4B706014E3E57E00BAE149 /* Box.png in Resources */ = {isa = PBXBuildFile; fileRef = 3F4B704C14E3E57E00BAE149 /* Box.png */; };
		3F4B706114E3E57E00BAE149 /* DGmenu1Player.png in Resources */ = {isa = PBXBuildFile; fileRef = 3F4B704D14E3E57E00BAE149 /* DGmenu1Player.png */; };
		3F4B706214E3E57E00BAE149 /* DGmenu1Selected.png in Resources */ = {isa = PBXBuildFile; fileRef = 3F4B704E14E3E57E00BAE149 /* DGmenu1Selected.png */; };
		3F4B706314E3E57E00BAE149 /* DGmenu2.png in Resources */ = {isa = PBXBuildFile; fileRef = 3F4B704F14E3E57E00BAE149 /* DGmenu2.png */; };
		3F4B706414E3E57E00BAE149 /* DGmenu2customSelected.png in Resources */ = {isa = PBXBuildFile; fileRef = 3F4B705014E3E57E00BAE149 /* DGmenu2customSelected.png */; };
		3F4B706514E3E57E00BAE149 /* DGmenu2easySelected.png in Resources */ = {isa = PBXBuildFile; fileRef = 3F4B705114E3E57E00BAE149 /* DGmenu2easySelected.png */; };
		3F4B706614E3E57E00BAE149 /* DGmenu2hardSelected.png in Resources */ = {isa = PBXBuildFile; fileRef = 3F4B705214E3E57E00BAE149 /* DGmenu2hardSelected.png */; };
		3F4B706714E3E57E00BAE149 /* DGmenu2mediumSelected.png in Resources */ = {isa = PBXBuildFile; fileRef = 3F4B705314E3E57E00BAE149 /* DGmenu2mediumSelected.png */; };
		3F4B706814E3E57E00BAE149 /* DGmenu2Players.png in Resources */ = {isa = PBXBuildFile; fileRef = 3F4B705414E3E57E00BAE149 /* DGmenu2Players.png */; };
		3F4B706914E3E57E00BAE149 /* DGmenu3.png in Resources */ = {isa = PBXBuildFile; fileRef = 3F4B705514E3E57E00BAE149 /* DGmenu3.png */; };
		3F4B706A14E3E57E00BAE149 /* DGmenu3polaroidbg.png in Resources */ = {isa = PBXBuildFile; fileRef = 3F4B705614E3E57E00BAE149 /* DGmenu3polaroidbg.png */; };
		3F4B706B14E3E57E00BAE149 /* DGmenu3selectedCross.png in Resources */ = {isa = PBXBuildFile; fileRef = 3F4B705714E3E57E00BAE149 /* DGmenu3selectedCross.png */; };
		3F4B706C14E3E57E00BAE149 /* DGmenuAmountOfPlayers.png in Resources */ = {isa = PBXBuildFile; fileRef = 3F4B705814E3E57E00BAE149 /* DGmenuAmountOfPlayers.png */; };
		3F4B706D14E3E57E00BAE149 /* DGmenubg.png in Resources */ = {isa = PBXBuildFile; fileRef = 3F4B705914E3E57E00BAE149 /* DGmenubg.png */; };
		3F4B706E14E3E57E00BAE149 /* DGmenuGameMode.png in Resources */ = {isa = PBXBuildFile; fileRef = 3F4B705A14E3E57E00BAE149 /* DGmenuGameMode.png */; };
		3F4B706F14E3E57E00BAE149 /* DGmenuNumbers.png in Resources */ = {isa = PBXBuildFile; fileRef = 3F4B705B14E3E57E00BAE149 /* DGmenuNumbers.png */; };
		3F4B707014E3E57E00BAE149 /* DGmenuPointBack.png in Resources */ = {isa = PBXBuildFile; fileRef = 3F4B705C14E3E57E00BAE149 /* DGmenuPointBack.png */; };
		3F4B707114E3E57E00BAE149 /* DGmenuPointBackActive.png in Resources */ = {isa = PBXBuildFile; fileRef = 3F4B705D14E3E57E00BAE149 /* DGmenuPointBackActive.png */; };
		3F4B707214E3E57E00BAE149 /* DGmenuPointNext.png in Resources */ = {isa = PBXBuildFile; fileRef = 3F4B705E14E3E57E00BAE149 /* DGmenuPointNext.png */; };
		3F4B707314E3E57E00BAE149 /* DGmenuPointNextActive.png in Resources */ = {isa = PBXBuildFile; fileRef = 3F4B705F14E3E57E00BAE149 /* DGmenuPointNextActive.png */; };
		3F50863314D2C40A006588E3 /* DGPlayer.m in Sources */ = {isa = PBXBuildFile; fileRef = 3F50863214D2C40A006588E3 /* DGPlayer.m */; };
		3F52E2B214DAABD000ECA4BB /* DGTestGameTwo.m in Sources */ = {isa = PBXBuildFile; fileRef = 3F52E2B014DAABD000ECA4BB /* DGTestGameTwo.m */; };
		3F52E2B314DAABD000ECA4BB /* DGTestGameTwo.xib in Resources */ = {isa = PBXBuildFile; fileRef = 3F52E2B114DAABD000ECA4BB /* DGTestGameTwo.xib */; };
		3F52E2B814DAAC1D00ECA4BB /* DGSteadyHands.m in Sources */ = {isa = PBXBuildFile; fileRef = 3F52E2B614DAAC1D00ECA4BB /* DGSteadyHands.m */; };
		3F52E2B914DAAC1D00ECA4BB /* DGSteadyHands.xib in Resources */ = {isa = PBXBuildFile; fileRef = 3F52E2B714DAAC1D00ECA4BB /* DGSteadyHands.xib */; };
		3FA2308614E3E832008AD659 /* DGmenubg.png in Resources */ = {isa = PBXBuildFile; fileRef = 3FA2308514E3E832008AD659 /* DGmenubg.png */; };
		3FB138BD14DAC15F00431078 /* QuartzCore.framework in Frameworks */ = {isa = PBXBuildFile; fileRef = 3FB138BC14DAC15F00431078 /* QuartzCore.framework */; };
		3FBCABE414C97F4E0032EBA1 /* DGGame.m in Sources */ = {isa = PBXBuildFile; fileRef = 3FBCABE214C97F4E0032EBA1 /* DGGame.m */; };
		3FC9856F14DABDD80023BB05 /* DGRandomShotWheel.m in Sources */ = {isa = PBXBuildFile; fileRef = 3FC9856E14DABDD80023BB05 /* DGRandomShotWheel.m */; };
		3FCDE48914DAB7370087921F /* DGViewPlayer.m in Sources */ = {isa = PBXBuildFile; fileRef = 3FCDE48714DAB7360087921F /* DGViewPlayer.m */; };
		3FCDE48A14DAB7370087921F /* DGViewPlayer.xib in Resources */ = {isa = PBXBuildFile; fileRef = 3FCDE48814DAB7360087921F /* DGViewPlayer.xib */; };
		3FD60C3614DC1F9000DEAE7A /* haddock.jpg in Resources */ = {isa = PBXBuildFile; fileRef = 3FD60C2E14DC1F9000DEAE7A /* haddock.jpg */; };
		3FD60C3714DC1F9000DEAE7A /* hannibal.jpg in Resources */ = {isa = PBXBuildFile; fileRef = 3FD60C2F14DC1F9000DEAE7A /* hannibal.jpg */; };
		3FD60C3814DC1F9000DEAE7A /* naama.jpg in Resources */ = {isa = PBXBuildFile; fileRef = 3FD60C3014DC1F9000DEAE7A /* naama.jpg */; };
		3FD60C3914DC1F9000DEAE7A /* naama2.jpg in Resources */ = {isa = PBXBuildFile; fileRef = 3FD60C3114DC1F9000DEAE7A /* naama2.jpg */; };
		3FD60C3A14DC1F9000DEAE7A /* niini.png in Resources */ = {isa = PBXBuildFile; fileRef = 3FD60C3214DC1F9000DEAE7A /* niini.png */; };
		3FD60C3B14DC1F9000DEAE7A /* norris.jpg in Resources */ = {isa = PBXBuildFile; fileRef = 3FD60C3314DC1F9000DEAE7A /* norris.jpg */; };
		3FD60C3C14DC1F9000DEAE7A /* poirot.jpg in Resources */ = {isa = PBXBuildFile; fileRef = 3FD60C3414DC1F9000DEAE7A /* poirot.jpg */; };
		3FD60C3D14DC1F9000DEAE7A /* Soini.jpeg in Resources */ = {isa = PBXBuildFile; fileRef = 3FD60C3514DC1F9000DEAE7A /* Soini.jpeg */; };
		3FE08EF714C98B3F0010A03C /* DGRandomShot.m in Sources */ = {isa = PBXBuildFile; fileRef = 3FE08EF514C98B3F0010A03C /* DGRandomShot.m */; };
		3FE08EF814C98B3F0010A03C /* DGRandomShot.xib in Resources */ = {isa = PBXBuildFile; fileRef = 3FE08EF614C98B3F0010A03C /* DGRandomShot.xib */; };
		3FE08EFE14C992E00010A03C /* simon.png in Resources */ = {isa = PBXBuildFile; fileRef = 3FE08EFB14C992E00010A03C /* simon.png */; };
		3FE08EFF14C992E00010A03C /* simon.psd in Resources */ = {isa = PBXBuildFile; fileRef = 3FE08EFC14C992E00010A03C /* simon.psd */; };
		3FE08F0014C992E00010A03C /* simon_light.png in Resources */ = {isa = PBXBuildFile; fileRef = 3FE08EFD14C992E00010A03C /* simon_light.png */; };
/* End PBXBuildFile section */

/* Begin PBXFileReference section */
		3F10BE2C14C9960800220F88 /* simon_blue_dwn.png */ = {isa = PBXFileReference; lastKnownFileType = image.png; path = simon_blue_dwn.png; sourceTree = "<group>"; };
		3F10BE2D14C9960800220F88 /* simon_blue_up.png */ = {isa = PBXFileReference; lastKnownFileType = image.png; path = simon_blue_up.png; sourceTree = "<group>"; };
		3F10BE2E14C9960800220F88 /* simon_green_dwn.png */ = {isa = PBXFileReference; lastKnownFileType = image.png; path = simon_green_dwn.png; sourceTree = "<group>"; };
		3F10BE2F14C9960800220F88 /* simon_green_up.png */ = {isa = PBXFileReference; lastKnownFileType = image.png; path = simon_green_up.png; sourceTree = "<group>"; };
		3F10BE3014C9960800220F88 /* simon_red_dwn.png */ = {isa = PBXFileReference; lastKnownFileType = image.png; path = simon_red_dwn.png; sourceTree = "<group>"; };
		3F10BE3114C9960800220F88 /* simon_red_up.png */ = {isa = PBXFileReference; lastKnownFileType = image.png; path = simon_red_up.png; sourceTree = "<group>"; };
		3F10BE3214C9960800220F88 /* simon_yel_dwn.png */ = {isa = PBXFileReference; lastKnownFileType = image.png; path = simon_yel_dwn.png; sourceTree = "<group>"; };
		3F10BE3314C9960800220F88 /* simon_yel_up.png */ = {isa = PBXFileReference; lastKnownFileType = image.png; path = simon_yel_up.png; sourceTree = "<group>"; };
		3F1D4EE514D2C21A006D5BE7 /* DGGameSimonSays.xib */ = {isa = PBXFileReference; fileEncoding = 4; lastKnownFileType = file.xib; path = DGGameSimonSays.xib; sourceTree = "<group>"; };
		3F1D4EE614D2C21A006D5BE7 /* DGGameSimonSays.h */ = {isa = PBXFileReference; fileEncoding = 4; lastKnownFileType = sourcecode.c.h; path = DGGameSimonSays.h; sourceTree = "<group>"; };
		3F1D4EE714D2C21A006D5BE7 /* DGGameSimonSays.m */ = {isa = PBXFileReference; fileEncoding = 4; lastKnownFileType = sourcecode.c.objc; path = DGGameSimonSays.m; sourceTree = "<group>"; };
		3F34A41214C05F340056DAE5 /* Alkocounter.h */ = {isa = PBXFileReference; fileEncoding = 4; lastKnownFileType = sourcecode.c.h; path = Alkocounter.h; sourceTree = "<group>"; };
		3F34A41314C05F340056DAE5 /* Alkocounter.m */ = {isa = PBXFileReference; fileEncoding = 4; lastKnownFileType = sourcecode.c.objc; path = Alkocounter.m; sourceTree = "<group>"; };
		3F3A730614D17F9D00ECD451 /* DGController.h */ = {isa = PBXFileReference; fileEncoding = 4; lastKnownFileType = sourcecode.c.h; path = DGController.h; sourceTree = "<group>"; };
		3F3A730714D17F9D00ECD451 /* DGController.m */ = {isa = PBXFileReference; fileEncoding = 4; lastKnownFileType = sourcecode.c.objc; path = DGController.m; sourceTree = "<group>"; };
		3F3A731214D1821800ECD451 /* DGDrink.h */ = {isa = PBXFileReference; fileEncoding = 4; lastKnownFileType = sourcecode.c.h; path = DGDrink.h; sourceTree = "<group>"; };
		3F3A731314D1821800ECD451 /* DGDrink.m */ = {isa = PBXFileReference; fileEncoding = 4; lastKnownFileType = sourcecode.c.objc; path = DGDrink.m; sourceTree = "<group>"; };
		3F3A731814D186F500ECD451 /* DGConsumption.h */ = {isa = PBXFileReference; fileEncoding = 4; lastKnownFileType = sourcecode.c.h; path = DGConsumption.h; sourceTree = "<group>"; };
		3F3A731914D186F500ECD451 /* DGConsumption.m */ = {isa = PBXFileReference; fileEncoding = 4; lastKnownFileType = sourcecode.c.objc; path = DGConsumption.m; sourceTree = "<group>"; };
		3F3AFEC414C04EF300A992F7 /* DrinkingGame.app */ = {isa = PBXFileReference; explicitFileType = wrapper.application; includeInIndex = 0; path = DrinkingGame.app; sourceTree = BUILT_PRODUCTS_DIR; };
		3F3AFEC814C04EF300A992F7 /* UIKit.framework */ = {isa = PBXFileReference; lastKnownFileType = wrapper.framework; name = UIKit.framework; path = System/Library/Frameworks/UIKit.framework; sourceTree = SDKROOT; };
		3F3AFECA14C04EF300A992F7 /* Foundation.framework */ = {isa = PBXFileReference; lastKnownFileType = wrapper.framework; name = Foundation.framework; path = System/Library/Frameworks/Foundation.framework; sourceTree = SDKROOT; };
		3F3AFECC14C04EF300A992F7 /* CoreGraphics.framework */ = {isa = PBXFileReference; lastKnownFileType = wrapper.framework; name = CoreGraphics.framework; path = System/Library/Frameworks/CoreGraphics.framework; sourceTree = SDKROOT; };
		3F3AFED014C04EF300A992F7 /* DrinkingGame-Info.plist */ = {isa = PBXFileReference; lastKnownFileType = text.plist.xml; path = "DrinkingGame-Info.plist"; sourceTree = "<group>"; };
		3F3AFED214C04EF300A992F7 /* en */ = {isa = PBXFileReference; lastKnownFileType = text.plist.strings; name = en; path = en.lproj/InfoPlist.strings; sourceTree = "<group>"; };
		3F3AFED414C04EF300A992F7 /* main.m */ = {isa = PBXFileReference; lastKnownFileType = sourcecode.c.objc; path = main.m; sourceTree = "<group>"; };
		3F3AFED614C04EF300A992F7 /* DrinkingGame-Prefix.pch */ = {isa = PBXFileReference; lastKnownFileType = sourcecode.c.h; path = "DrinkingGame-Prefix.pch"; sourceTree = "<group>"; };
		3F3AFED714C04EF300A992F7 /* DrinkingGameAppDelegate.h */ = {isa = PBXFileReference; lastKnownFileType = sourcecode.c.h; path = DrinkingGameAppDelegate.h; sourceTree = "<group>"; };
		3F3AFED814C04EF300A992F7 /* DrinkingGameAppDelegate.m */ = {isa = PBXFileReference; lastKnownFileType = sourcecode.c.objc; path = DrinkingGameAppDelegate.m; sourceTree = "<group>"; };
		3F3AFEDB14C04EF300A992F7 /* en */ = {isa = PBXFileReference; lastKnownFileType = file.xib; name = en; path = en.lproj/MainWindow.xib; sourceTree = "<group>"; };
		3F3AFEDD14C04EF300A992F7 /* DrinkingGameViewController.h */ = {isa = PBXFileReference; lastKnownFileType = sourcecode.c.h; path = DrinkingGameViewController.h; sourceTree = "<group>"; };
		3F3AFEDE14C04EF300A992F7 /* DrinkingGameViewController.m */ = {isa = PBXFileReference; lastKnownFileType = sourcecode.c.objc; path = DrinkingGameViewController.m; sourceTree = "<group>"; };
		3F3AFEE114C04EF300A992F7 /* en */ = {isa = PBXFileReference; lastKnownFileType = file.xib; name = en; path = en.lproj/DrinkingGameViewController.xib; sourceTree = "<group>"; };
		3F40EB8E14C9A85D009B35A5 /* CoreData.framework */ = {isa = PBXFileReference; lastKnownFileType = wrapper.framework; name = CoreData.framework; path = System/Library/Frameworks/CoreData.framework; sourceTree = SDKROOT; };
		3F4B704714E3E4ED00BAE149 /* DGStartMenu.h */ = {isa = PBXFileReference; fileEncoding = 4; lastKnownFileType = sourcecode.c.h; path = DGStartMenu.h; sourceTree = "<group>"; };
		3F4B704814E3E4ED00BAE149 /* DGStartMenu.m */ = {isa = PBXFileReference; fileEncoding = 4; lastKnownFileType = sourcecode.c.objc; path = DGStartMenu.m; sourceTree = "<group>"; };
		3F4B704914E3E4ED00BAE149 /* DGStartMenu.xib */ = {isa = PBXFileReference; fileEncoding = 4; lastKnownFileType = file.xib; path = DGStartMenu.xib; sourceTree = "<group>"; };
		3F4B704C14E3E57E00BAE149 /* Box.png */ = {isa = PBXFileReference; lastKnownFileType = image.png; path = Box.png; sourceTree = "<group>"; };
		3F4B704D14E3E57E00BAE149 /* DGmenu1Player.png */ = {isa = PBXFileReference; lastKnownFileType = image.png; path = DGmenu1Player.png; sourceTree = "<group>"; };
		3F4B704E14E3E57E00BAE149 /* DGmenu1Selected.png */ = {isa = PBXFileReference; lastKnownFileType = image.png; path = DGmenu1Selected.png; sourceTree = "<group>"; };
		3F4B704F14E3E57E00BAE149 /* DGmenu2.png */ = {isa = PBXFileReference; lastKnownFileType = image.png; path = DGmenu2.png; sourceTree = "<group>"; };
		3F4B705014E3E57E00BAE149 /* DGmenu2customSelected.png */ = {isa = PBXFileReference; lastKnownFileType = image.png; path = DGmenu2customSelected.png; sourceTree = "<group>"; };
		3F4B705114E3E57E00BAE149 /* DGmenu2easySelected.png */ = {isa = PBXFileReference; lastKnownFileType = image.png; path = DGmenu2easySelected.png; sourceTree = "<group>"; };
		3F4B705214E3E57E00BAE149 /* DGmenu2hardSelected.png */ = {isa = PBXFileReference; lastKnownFileType = image.png; path = DGmenu2hardSelected.png; sourceTree = "<group>"; };
		3F4B705314E3E57E00BAE149 /* DGmenu2mediumSelected.png */ = {isa = PBXFileReference; lastKnownFileType = image.png; path = DGmenu2mediumSelected.png; sourceTree = "<group>"; };
		3F4B705414E3E57E00BAE149 /* DGmenu2Players.png */ = {isa = PBXFileReference; lastKnownFileType = image.png; path = DGmenu2Players.png; sourceTree = "<group>"; };
		3F4B705514E3E57E00BAE149 /* DGmenu3.png */ = {isa = PBXFileReference; lastKnownFileType = image.png; path = DGmenu3.png; sourceTree = "<group>"; };
		3F4B705614E3E57E00BAE149 /* DGmenu3polaroidbg.png */ = {isa = PBXFileReference; lastKnownFileType = image.png; path = DGmenu3polaroidbg.png; sourceTree = "<group>"; };
		3F4B705714E3E57E00BAE149 /* DGmenu3selectedCross.png */ = {isa = PBXFileReference; lastKnownFileType = image.png; path = DGmenu3selectedCross.png; sourceTree = "<group>"; };
		3F4B705814E3E57E00BAE149 /* DGmenuAmountOfPlayers.png */ = {isa = PBXFileReference; lastKnownFileType = image.png; path = DGmenuAmountOfPlayers.png; sourceTree = "<group>"; };
		3F4B705914E3E57E00BAE149 /* DGmenubg.png */ = {isa = PBXFileReference; lastKnownFileType = image.png; path = DGmenubg.png; sourceTree = "<group>"; };
		3F4B705A14E3E57E00BAE149 /* DGmenuGameMode.png */ = {isa = PBXFileReference; lastKnownFileType = image.png; path = DGmenuGameMode.png; sourceTree = "<group>"; };
		3F4B705B14E3E57E00BAE149 /* DGmenuNumbers.png */ = {isa = PBXFileReference; lastKnownFileType = image.png; path = DGmenuNumbers.png; sourceTree = "<group>"; };
		3F4B705C14E3E57E00BAE149 /* DGmenuPointBack.png */ = {isa = PBXFileReference; lastKnownFileType = image.png; path = DGmenuPointBack.png; sourceTree = "<group>"; };
		3F4B705D14E3E57E00BAE149 /* DGmenuPointBackActive.png */ = {isa = PBXFileReference; lastKnownFileType = image.png; path = DGmenuPointBackActive.png; sourceTree = "<group>"; };
		3F4B705E14E3E57E00BAE149 /* DGmenuPointNext.png */ = {isa = PBXFileReference; lastKnownFileType = image.png; path = DGmenuPointNext.png; sourceTree = "<group>"; };
		3F4B705F14E3E57E00BAE149 /* DGmenuPointNextActive.png */ = {isa = PBXFileReference; lastKnownFileType = image.png; path = DGmenuPointNextActive.png; sourceTree = "<group>"; };
		3F50863114D2C40A006588E3 /* DGPlayer.h */ = {isa = PBXFileReference; fileEncoding = 4; lastKnownFileType = sourcecode.c.h; path = DGPlayer.h; sourceTree = "<group>"; };
		3F50863214D2C40A006588E3 /* DGPlayer.m */ = {isa = PBXFileReference; fileEncoding = 4; lastKnownFileType = sourcecode.c.objc; path = DGPlayer.m; sourceTree = "<group>"; };
		3F52E2AF14DAABD000ECA4BB /* DGTestGameTwo.h */ = {isa = PBXFileReference; fileEncoding = 4; lastKnownFileType = sourcecode.c.h; path = DGTestGameTwo.h; sourceTree = "<group>"; };
		3F52E2B014DAABD000ECA4BB /* DGTestGameTwo.m */ = {isa = PBXFileReference; fileEncoding = 4; lastKnownFileType = sourcecode.c.objc; path = DGTestGameTwo.m; sourceTree = "<group>"; };
		3F52E2B114DAABD000ECA4BB /* DGTestGameTwo.xib */ = {isa = PBXFileReference; fileEncoding = 4; lastKnownFileType = file.xib; path = DGTestGameTwo.xib; sourceTree = "<group>"; };
		3F52E2B514DAAC1D00ECA4BB /* DGSteadyHands.h */ = {isa = PBXFileReference; fileEncoding = 4; lastKnownFileType = sourcecode.c.h; path = DGSteadyHands.h; sourceTree = "<group>"; };
		3F52E2B614DAAC1D00ECA4BB /* DGSteadyHands.m */ = {isa = PBXFileReference; fileEncoding = 4; lastKnownFileType = sourcecode.c.objc; path = DGSteadyHands.m; sourceTree = "<group>"; };
		3F52E2B714DAAC1D00ECA4BB /* DGSteadyHands.xib */ = {isa = PBXFileReference; fileEncoding = 4; lastKnownFileType = file.xib; path = DGSteadyHands.xib; sourceTree = "<group>"; };
		3FA2308514E3E832008AD659 /* DGmenubg.png */ = {isa = PBXFileReference; lastKnownFileType = image.png; path = DGmenubg.png; sourceTree = "<group>"; };
		3FB138BC14DAC15F00431078 /* QuartzCore.framework */ = {isa = PBXFileReference; lastKnownFileType = wrapper.framework; name = QuartzCore.framework; path = System/Library/Frameworks/QuartzCore.framework; sourceTree = SDKROOT; };
		3FBCABE114C97F4E0032EBA1 /* DGGame.h */ = {isa = PBXFileReference; fileEncoding = 4; lastKnownFileType = sourcecode.c.h; path = DGGame.h; sourceTree = "<group>"; };
		3FBCABE214C97F4E0032EBA1 /* DGGame.m */ = {isa = PBXFileReference; fileEncoding = 4; lastKnownFileType = sourcecode.c.objc; path = DGGame.m; sourceTree = "<group>"; };
		3FC9856D14DABDD80023BB05 /* DGRandomShotWheel.h */ = {isa = PBXFileReference; fileEncoding = 4; lastKnownFileType = sourcecode.c.h; path = DGRandomShotWheel.h; sourceTree = "<group>"; };
		3FC9856E14DABDD80023BB05 /* DGRandomShotWheel.m */ = {isa = PBXFileReference; fileEncoding = 4; lastKnownFileType = sourcecode.c.objc; path = DGRandomShotWheel.m; sourceTree = "<group>"; };
		3FCDE48614DAB7360087921F /* DGViewPlayer.h */ = {isa = PBXFileReference; fileEncoding = 4; lastKnownFileType = sourcecode.c.h; path = DGViewPlayer.h; sourceTree = "<group>"; };
		3FCDE48714DAB7360087921F /* DGViewPlayer.m */ = {isa = PBXFileReference; fileEncoding = 4; lastKnownFileType = sourcecode.c.objc; path = DGViewPlayer.m; sourceTree = "<group>"; };
		3FCDE48814DAB7360087921F /* DGViewPlayer.xib */ = {isa = PBXFileReference; fileEncoding = 4; lastKnownFileType = file.xib; path = DGViewPlayer.xib; sourceTree = "<group>"; };
		3FD60C2E14DC1F9000DEAE7A /* haddock.jpg */ = {isa = PBXFileReference; lastKnownFileType = image.jpeg; path = haddock.jpg; sourceTree = "<group>"; };
		3FD60C2F14DC1F9000DEAE7A /* hannibal.jpg */ = {isa = PBXFileReference; lastKnownFileType = image.jpeg; path = hannibal.jpg; sourceTree = "<group>"; };
		3FD60C3014DC1F9000DEAE7A /* naama.jpg */ = {isa = PBXFileReference; lastKnownFileType = image.jpeg; path = naama.jpg; sourceTree = "<group>"; };
		3FD60C3114DC1F9000DEAE7A /* naama2.jpg */ = {isa = PBXFileReference; lastKnownFileType = image.jpeg; path = naama2.jpg; sourceTree = "<group>"; };
		3FD60C3214DC1F9000DEAE7A /* niini.png */ = {isa = PBXFileReference; lastKnownFileType = image.png; path = niini.png; sourceTree = "<group>"; };
		3FD60C3314DC1F9000DEAE7A /* norris.jpg */ = {isa = PBXFileReference; lastKnownFileType = image.jpeg; path = norris.jpg; sourceTree = "<group>"; };
		3FD60C3414DC1F9000DEAE7A /* poirot.jpg */ = {isa = PBXFileReference; lastKnownFileType = image.jpeg; path = poirot.jpg; sourceTree = "<group>"; };
		3FD60C3514DC1F9000DEAE7A /* Soini.jpeg */ = {isa = PBXFileReference; lastKnownFileType = image.jpeg; path = Soini.jpeg; sourceTree = "<group>"; };
		3FE08EF414C98B3F0010A03C /* DGRandomShot.h */ = {isa = PBXFileReference; fileEncoding = 4; lastKnownFileType = sourcecode.c.h; path = DGRandomShot.h; sourceTree = "<group>"; };
		3FE08EF514C98B3F0010A03C /* DGRandomShot.m */ = {isa = PBXFileReference; fileEncoding = 4; lastKnownFileType = sourcecode.c.objc; path = DGRandomShot.m; sourceTree = "<group>"; };
		3FE08EF614C98B3F0010A03C /* DGRandomShot.xib */ = {isa = PBXFileReference; fileEncoding = 4; lastKnownFileType = file.xib; path = DGRandomShot.xib; sourceTree = "<group>"; };
		3FE08EFB14C992E00010A03C /* simon.png */ = {isa = PBXFileReference; lastKnownFileType = image.png; path = simon.png; sourceTree = "<group>"; };
		3FE08EFC14C992E00010A03C /* simon.psd */ = {isa = PBXFileReference; lastKnownFileType = file; path = simon.psd; sourceTree = "<group>"; };
		3FE08EFD14C992E00010A03C /* simon_light.png */ = {isa = PBXFileReference; lastKnownFileType = image.png; path = simon_light.png; sourceTree = "<group>"; };
/* End PBXFileReference section */

/* Begin PBXFrameworksBuildPhase section */
		3F3AFEC114C04EF300A992F7 /* Frameworks */ = {
			isa = PBXFrameworksBuildPhase;
			buildActionMask = 2147483647;
			files = (
				3FB138BD14DAC15F00431078 /* QuartzCore.framework in Frameworks */,
				3F40EB8F14C9A85D009B35A5 /* CoreData.framework in Frameworks */,
				3F3AFEC914C04EF300A992F7 /* UIKit.framework in Frameworks */,
				3F3AFECB14C04EF300A992F7 /* Foundation.framework in Frameworks */,
				3F3AFECD14C04EF300A992F7 /* CoreGraphics.framework in Frameworks */,
			);
			runOnlyForDeploymentPostprocessing = 0;
		};
/* End PBXFrameworksBuildPhase section */

/* Begin PBXGroup section */
		3F10BE2B14C9960800220F88 /* images */ = {
			isa = PBXGroup;
			children = (
				3FA2308514E3E832008AD659 /* DGmenubg.png */,
				3F10BE2C14C9960800220F88 /* simon_blue_dwn.png */,
				3F10BE2D14C9960800220F88 /* simon_blue_up.png */,
				3F10BE2E14C9960800220F88 /* simon_green_dwn.png */,
				3F10BE2F14C9960800220F88 /* simon_green_up.png */,
				3F10BE3014C9960800220F88 /* simon_red_dwn.png */,
				3F10BE3114C9960800220F88 /* simon_red_up.png */,
				3F10BE3214C9960800220F88 /* simon_yel_dwn.png */,
				3F10BE3314C9960800220F88 /* simon_yel_up.png */,
			);
			path = images;
			sourceTree = "<group>";
		};
		3F10BE9214C99B7E00220F88 /* DGPlayer */ = {
			isa = PBXGroup;
			children = (
				3F50863114D2C40A006588E3 /* DGPlayer.h */,
				3F50863214D2C40A006588E3 /* DGPlayer.m */,
			);
			name = DGPlayer;
			sourceTree = "<group>";
		};
		3F1D4EE314D2C206006D5BE7 /* DGSimonSays */ = {
			isa = PBXGroup;
			children = (
				3F1D4EE514D2C21A006D5BE7 /* DGGameSimonSays.xib */,
				3F1D4EE614D2C21A006D5BE7 /* DGGameSimonSays.h */,
				3F1D4EE714D2C21A006D5BE7 /* DGGameSimonSays.m */,
			);
			name = DGSimonSays;
			sourceTree = "<group>";
		};
		3F3A731014D1810100ECD451 /* DGConsumption */ = {
			isa = PBXGroup;
			children = (
				3F3A731814D186F500ECD451 /* DGConsumption.h */,
				3F3A731914D186F500ECD451 /* DGConsumption.m */,
			);
			name = DGConsumption;
			sourceTree = "<group>";
		};
		3F3A731114D1820400ECD451 /* DGDrink */ = {
			isa = PBXGroup;
			children = (
				3F3A731214D1821800ECD451 /* DGDrink.h */,
				3F3A731314D1821800ECD451 /* DGDrink.m */,
			);
			name = DGDrink;
			sourceTree = "<group>";
		};
		3F3A731B14D188BB00ECD451 /* models */ = {
			isa = PBXGroup;
			children = (
				3F3A731014D1810100ECD451 /* DGConsumption */,
				3F10BE9214C99B7E00220F88 /* DGPlayer */,
				3F3A731114D1820400ECD451 /* DGDrink */,
			);
			name = models;
			sourceTree = "<group>";
		};
		3F3A731C14D188D100ECD451 /* games */ = {
			isa = PBXGroup;
			children = (
				3F52E2B414DAAC0200ECA4BB /* DGSteadyHands */,
				3F52E2AD14DAAB9200ECA4BB /* DGTestGameTwo */,
				3F1D4EE314D2C206006D5BE7 /* DGSimonSays */,
				3FE08EF314C98A8F0010A03C /* DGRandomShot */,
				3FBCABE114C97F4E0032EBA1 /* DGGame.h */,
				3FBCABE214C97F4E0032EBA1 /* DGGame.m */,
				3FCDE48614DAB7360087921F /* DGViewPlayer.h */,
				3FCDE48714DAB7360087921F /* DGViewPlayer.m */,
				3FCDE48814DAB7360087921F /* DGViewPlayer.xib */,
			);
			name = games;
			sourceTree = "<group>";
		};
		3F3AFEB914C04EF300A992F7 = {
			isa = PBXGroup;
			children = (
				3FB138BC14DAC15F00431078 /* QuartzCore.framework */,
				3F40EB8E14C9A85D009B35A5 /* CoreData.framework */,
				3F3AFECE14C04EF300A992F7 /* DrinkingGame */,
				3F3AFEC714C04EF300A992F7 /* Frameworks */,
				3F3AFEC514C04EF300A992F7 /* Products */,
			);
			sourceTree = "<group>";
		};
		3F3AFEC514C04EF300A992F7 /* Products */ = {
			isa = PBXGroup;
			children = (
				3F3AFEC414C04EF300A992F7 /* DrinkingGame.app */,
			);
			name = Products;
			sourceTree = "<group>";
		};
		3F3AFEC714C04EF300A992F7 /* Frameworks */ = {
			isa = PBXGroup;
			children = (
				3F3AFEC814C04EF300A992F7 /* UIKit.framework */,
				3F3AFECA14C04EF300A992F7 /* Foundation.framework */,
				3F3AFECC14C04EF300A992F7 /* CoreGraphics.framework */,
			);
			name = Frameworks;
			sourceTree = "<group>";
		};
		3F3AFECE14C04EF300A992F7 /* DrinkingGame */ = {
			isa = PBXGroup;
			children = (
				3F4B704514E3E42F00BAE149 /* startMenu */,
				3FE08EFA14C992E00010A03C /* resources */,
				3F3AFED714C04EF300A992F7 /* DrinkingGameAppDelegate.h */,
				3F3AFED814C04EF300A992F7 /* DrinkingGameAppDelegate.m */,
				3F3AFEDA14C04EF300A992F7 /* MainWindow.xib */,
				3F3AFEDD14C04EF300A992F7 /* DrinkingGameViewController.h */,
				3F3AFEDE14C04EF300A992F7 /* DrinkingGameViewController.m */,
				3F34A41214C05F340056DAE5 /* Alkocounter.h */,
				3F34A41314C05F340056DAE5 /* Alkocounter.m */,
				3F3AFEE014C04EF300A992F7 /* DrinkingGameViewController.xib */,
				3F3AFECF14C04EF300A992F7 /* Supporting Files */,
				3F3A731C14D188D100ECD451 /* games */,
				3F3A731B14D188BB00ECD451 /* models */,
				3F3A730714D17F9D00ECD451 /* DGController.m */,
				3F3A730614D17F9D00ECD451 /* DGController.h */,
			);
			path = DrinkingGame;
			sourceTree = "<group>";
		};
		3F3AFECF14C04EF300A992F7 /* Supporting Files */ = {
			isa = PBXGroup;
			children = (
				3F3AFED014C04EF300A992F7 /* DrinkingGame-Info.plist */,
				3F3AFED114C04EF300A992F7 /* InfoPlist.strings */,
				3F3AFED414C04EF300A992F7 /* main.m */,
				3F3AFED614C04EF300A992F7 /* DrinkingGame-Prefix.pch */,
			);
			name = "Supporting Files";
			sourceTree = "<group>";
		};
		3F4B704514E3E42F00BAE149 /* startMenu */ = {
			isa = PBXGroup;
			children = (
				3F4B704714E3E4ED00BAE149 /* DGStartMenu.h */,
				3F4B704814E3E4ED00BAE149 /* DGStartMenu.m */,
				3F4B704914E3E4ED00BAE149 /* DGStartMenu.xib */,
			);
			name = startMenu;
			sourceTree = "<group>";
		};
		3F52E2AD14DAAB9200ECA4BB /* DGTestGameTwo */ = {
			isa = PBXGroup;
			children = (
				3F52E2AF14DAABD000ECA4BB /* DGTestGameTwo.h */,
				3F52E2B014DAABD000ECA4BB /* DGTestGameTwo.m */,
				3F52E2B114DAABD000ECA4BB /* DGTestGameTwo.xib */,
			);
			name = DGTestGameTwo;
			sourceTree = "<group>";
		};
		3F52E2B414DAAC0200ECA4BB /* DGSteadyHands */ = {
			isa = PBXGroup;
			children = (
				3F52E2B514DAAC1D00ECA4BB /* DGSteadyHands.h */,
				3F52E2B614DAAC1D00ECA4BB /* DGSteadyHands.m */,
				3F52E2B714DAAC1D00ECA4BB /* DGSteadyHands.xib */,
			);
			name = DGSteadyHands;
			sourceTree = "<group>";
		};
		3FE08EF314C98A8F0010A03C /* DGRandomShot */ = {
			isa = PBXGroup;
			children = (
				3FE08EF414C98B3F0010A03C /* DGRandomShot.h */,
				3FE08EF514C98B3F0010A03C /* DGRandomShot.m */,
				3FE08EF614C98B3F0010A03C /* DGRandomShot.xib */,
				3FC9856D14DABDD80023BB05 /* DGRandomShotWheel.h */,
				3FC9856E14DABDD80023BB05 /* DGRandomShotWheel.m */,
			);
			name = DGRandomShot;
			sourceTree = "<group>";
		};
		3FE08EFA14C992E00010A03C /* resources */ = {
			isa = PBXGroup;
			children = (
				3F4B704C14E3E57E00BAE149 /* Box.png */,
				3F4B704D14E3E57E00BAE149 /* DGmenu1Player.png */,
				3F4B704E14E3E57E00BAE149 /* DGmenu1Selected.png */,
				3F4B704F14E3E57E00BAE149 /* DGmenu2.png */,
				3F4B705014E3E57E00BAE149 /* DGmenu2customSelected.png */,
				3F4B705114E3E57E00BAE149 /* DGmenu2easySelected.png */,
				3F4B705214E3E57E00BAE149 /* DGmenu2hardSelected.png */,
				3F4B705314E3E57E00BAE149 /* DGmenu2mediumSelected.png */,
				3F4B705414E3E57E00BAE149 /* DGmenu2Players.png */,
				3F4B705514E3E57E00BAE149 /* DGmenu3.png */,
				3F4B705614E3E57E00BAE149 /* DGmenu3polaroidbg.png */,
				3F4B705714E3E57E00BAE149 /* DGmenu3selectedCross.png */,
				3F4B705814E3E57E00BAE149 /* DGmenuAmountOfPlayers.png */,
				3F4B705914E3E57E00BAE149 /* DGmenubg.png */,
				3F4B705A14E3E57E00BAE149 /* DGmenuGameMode.png */,
				3F4B705B14E3E57E00BAE149 /* DGmenuNumbers.png */,
				3F4B705C14E3E57E00BAE149 /* DGmenuPointBack.png */,
				3F4B705D14E3E57E00BAE149 /* DGmenuPointBackActive.png */,
				3F4B705E14E3E57E00BAE149 /* DGmenuPointNext.png */,
				3F4B705F14E3E57E00BAE149 /* DGmenuPointNextActive.png */,
				3FD60C2E14DC1F9000DEAE7A /* haddock.jpg */,
				3FD60C2F14DC1F9000DEAE7A /* hannibal.jpg */,
				3FD60C3014DC1F9000DEAE7A /* naama.jpg */,
				3FD60C3114DC1F9000DEAE7A /* naama2.jpg */,
				3FD60C3214DC1F9000DEAE7A /* niini.png */,
				3FD60C3314DC1F9000DEAE7A /* norris.jpg */,
				3FD60C3414DC1F9000DEAE7A /* poirot.jpg */,
				3FD60C3514DC1F9000DEAE7A /* Soini.jpeg */,
				3F10BE2B14C9960800220F88 /* images */,
				3FE08EFB14C992E00010A03C /* simon.png */,
				3FE08EFC14C992E00010A03C /* simon.psd */,
				3FE08EFD14C992E00010A03C /* simon_light.png */,
			);
			path = resources;
			sourceTree = "<group>";
		};
/* End PBXGroup section */

/* Begin PBXNativeTarget section */
		3F3AFEC314C04EF300A992F7 /* DrinkingGame */ = {
			isa = PBXNativeTarget;
			buildConfigurationList = 3F3AFEE514C04EF300A992F7 /* Build configuration list for PBXNativeTarget "DrinkingGame" */;
			buildPhases = (
				3F3AFEC014C04EF300A992F7 /* Sources */,
				3F3AFEC114C04EF300A992F7 /* Frameworks */,
				3F3AFEC214C04EF300A992F7 /* Resources */,
			);
			buildRules = (
			);
			dependencies = (
			);
			name = DrinkingGame;
			productName = DrinkingGame;
			productReference = 3F3AFEC414C04EF300A992F7 /* DrinkingGame.app */;
			productType = "com.apple.product-type.application";
		};
/* End PBXNativeTarget section */

/* Begin PBXProject section */
		3F3AFEBB14C04EF300A992F7 /* Project object */ = {
			isa = PBXProject;
			buildConfigurationList = 3F3AFEBE14C04EF300A992F7 /* Build configuration list for PBXProject "DrinkingGame" */;
			compatibilityVersion = "Xcode 3.2";
			developmentRegion = English;
			hasScannedForEncodings = 0;
			knownRegions = (
				en,
			);
			mainGroup = 3F3AFEB914C04EF300A992F7;
			productRefGroup = 3F3AFEC514C04EF300A992F7 /* Products */;
			projectDirPath = "";
			projectRoot = "";
			targets = (
				3F3AFEC314C04EF300A992F7 /* DrinkingGame */,
			);
		};
/* End PBXProject section */

/* Begin PBXResourcesBuildPhase section */
		3F3AFEC214C04EF300A992F7 /* Resources */ = {
			isa = PBXResourcesBuildPhase;
			buildActionMask = 2147483647;
			files = (
				3F3AFED314C04EF300A992F7 /* InfoPlist.strings in Resources */,
				3F3AFEDC14C04EF300A992F7 /* MainWindow.xib in Resources */,
				3F3AFEE214C04EF300A992F7 /* DrinkingGameViewController.xib in Resources */,
				3FE08EF814C98B3F0010A03C /* DGRandomShot.xib in Resources */,
				3FE08EFE14C992E00010A03C /* simon.png in Resources */,
				3FE08EFF14C992E00010A03C /* simon.psd in Resources */,
				3FE08F0014C992E00010A03C /* simon_light.png in Resources */,
				3F10BE3414C9960800220F88 /* simon_blue_dwn.png in Resources */,
				3F10BE3514C9960800220F88 /* simon_blue_up.png in Resources */,
				3F10BE3614C9960800220F88 /* simon_green_dwn.png in Resources */,
				3F10BE3714C9960800220F88 /* simon_green_up.png in Resources */,
				3F10BE3814C9960800220F88 /* simon_red_dwn.png in Resources */,
				3F10BE3914C9960800220F88 /* simon_red_up.png in Resources */,
				3F10BE3A14C9960800220F88 /* simon_yel_dwn.png in Resources */,
				3F10BE3B14C9960800220F88 /* simon_yel_up.png in Resources */,
				3F1D4EE814D2C21A006D5BE7 /* DGGameSimonSays.xib in Resources */,
				3FCDE48A14DAB7370087921F /* DGViewPlayer.xib in Resources */,
				3F52E2B314DAABD000ECA4BB /* DGTestGameTwo.xib in Resources */,
				3F52E2B914DAAC1D00ECA4BB /* DGSteadyHands.xib in Resources */,
				3FD60C3614DC1F9000DEAE7A /* haddock.jpg in Resources */,
				3FD60C3714DC1F9000DEAE7A /* hannibal.jpg in Resources */,
				3FD60C3814DC1F9000DEAE7A /* naama.jpg in Resources */,
				3FD60C3914DC1F9000DEAE7A /* naama2.jpg in Resources */,
				3FD60C3A14DC1F9000DEAE7A /* niini.png in Resources */,
				3FD60C3B14DC1F9000DEAE7A /* norris.jpg in Resources */,
				3FD60C3C14DC1F9000DEAE7A /* poirot.jpg in Resources */,
				3FD60C3D14DC1F9000DEAE7A /* Soini.jpeg in Resources */,
				3F4B704B14E3E4ED00BAE149 /* DGStartMenu.xib in Resources */,
				3F4B706014E3E57E00BAE149 /* Box.png in Resources */,
				3F4B706114E3E57E00BAE149 /* DGmenu1Player.png in Resources */,
				3F4B706214E3E57E00BAE149 /* DGmenu1Selected.png in Resources */,
				3F4B706314E3E57E00BAE149 /* DGmenu2.png in Resources */,
				3F4B706414E3E57E00BAE149 /* DGmenu2customSelected.png in Resources */,
				3F4B706514E3E57E00BAE149 /* DGmenu2easySelected.png in Resources */,
				3F4B706614E3E57E00BAE149 /* DGmenu2hardSelected.png in Resources */,
				3F4B706714E3E57E00BAE149 /* DGmenu2mediumSelected.png in Resources */,
				3F4B706814E3E57E00BAE149 /* DGmenu2Players.png in Resources */,
				3F4B706914E3E57E00BAE149 /* DGmenu3.png in Resources */,
				3F4B706A14E3E57E00BAE149 /* DGmenu3polaroidbg.png in Resources */,
				3F4B706B14E3E57E00BAE149 /* DGmenu3selectedCross.png in Resources */,
				3F4B706C14E3E57E00BAE149 /* DGmenuAmountOfPlayers.png in Resources */,
				3F4B706D14E3E57E00BAE149 /* DGmenubg.png in Resources */,
				3F4B706E14E3E57E00BAE149 /* DGmenuGameMode.png in Resources */,
				3F4B706F14E3E57E00BAE149 /* DGmenuNumbers.png in Resources */,
				3F4B707014E3E57E00BAE149 /* DGmenuPointBack.png in Resources */,
				3F4B707114E3E57E00BAE149 /* DGmenuPointBackActive.png in Resources */,
				3F4B707214E3E57E00BAE149 /* DGmenuPointNext.png in Resources */,
				3F4B707314E3E57E00BAE149 /* DGmenuPointNextActive.png in Resources */,
			);
			runOnlyForDeploymentPostprocessing = 0;
		};
/* End PBXResourcesBuildPhase section */

/* Begin PBXSourcesBuildPhase section */
		3F3AFEC014C04EF300A992F7 /* Sources */ = {
			isa = PBXSourcesBuildPhase;
			buildActionMask = 2147483647;
			files = (
				3F3AFED514C04EF300A992F7 /* main.m in Sources */,
				3F3AFED914C04EF300A992F7 /* DrinkingGameAppDelegate.m in Sources */,
				3F3AFEDF14C04EF300A992F7 /* DrinkingGameViewController.m in Sources */,
				3FBCABE414C97F4E0032EBA1 /* DGGame.m in Sources */,
				3FE08EF714C98B3F0010A03C /* DGRandomShot.m in Sources */,
				3F3A730814D17F9D00ECD451 /* DGController.m in Sources */,
				3F3A731414D1821800ECD451 /* DGDrink.m in Sources */,
				3F3A731A14D186F500ECD451 /* DGConsumption.m in Sources */,
				3F50863314D2C40A006588E3 /* DGPlayer.m in Sources */,
				3F1D4EE914D2C21A006D5BE7 /* DGGameSimonSays.m in Sources */,
				3FC9856F14DABDD80023BB05 /* DGRandomShotWheel.m in Sources */,
				3FCDE48914DAB7370087921F /* DGViewPlayer.m in Sources */,
				3F52E2B214DAABD000ECA4BB /* DGTestGameTwo.m in Sources */,
				3F52E2B814DAAC1D00ECA4BB /* DGSteadyHands.m in Sources */,
				3F4B704A14E3E4ED00BAE149 /* DGStartMenu.m in Sources */,
			);
			runOnlyForDeploymentPostprocessing = 0;
		};
/* End PBXSourcesBuildPhase section */

/* Begin PBXVariantGroup section */
		3F3AFED114C04EF300A992F7 /* InfoPlist.strings */ = {
			isa = PBXVariantGroup;
			children = (
				3F3AFED214C04EF300A992F7 /* en */,
			);
			name = InfoPlist.strings;
			sourceTree = "<group>";
		};
		3F3AFEDA14C04EF300A992F7 /* MainWindow.xib */ = {
			isa = PBXVariantGroup;
			children = (
				3F3AFEDB14C04EF300A992F7 /* en */,
			);
			name = MainWindow.xib;
			sourceTree = "<group>";
		};
		3F3AFEE014C04EF300A992F7 /* DrinkingGameViewController.xib */ = {
			isa = PBXVariantGroup;
			children = (
				3F3AFEE114C04EF300A992F7 /* en */,
			);
			name = DrinkingGameViewController.xib;
			sourceTree = "<group>";
		};
/* End PBXVariantGroup section */

/* Begin XCBuildConfiguration section */
		3F3AFEE314C04EF300A992F7 /* Debug */ = {
			isa = XCBuildConfiguration;
			buildSettings = {
				ALWAYS_SEARCH_USER_PATHS = NO;
				ARCHS = "$(ARCHS_STANDARD_32_BIT)";
				"CODE_SIGN_IDENTITY[sdk=iphoneos*]" = "iPhone Developer";
				COPY_PHASE_STRIP = NO;
				GCC_C_LANGUAGE_STANDARD = gnu99;
				GCC_DYNAMIC_NO_PIC = NO;
				GCC_OPTIMIZATION_LEVEL = 0;
				GCC_PREPROCESSOR_DEFINITIONS = (
					"DEBUG=1",
					"$(inherited)",
				);
				GCC_SYMBOLS_PRIVATE_EXTERN = NO;
				GCC_VERSION = com.apple.compilers.llvmgcc42;
				GCC_WARN_ABOUT_MISSING_PROTOTYPES = YES;
				GCC_WARN_ABOUT_RETURN_TYPE = YES;
				GCC_WARN_UNUSED_VARIABLE = YES;
				IPHONEOS_DEPLOYMENT_TARGET = 4.3;
				SDKROOT = iphoneos;
			};
			name = Debug;
		};
		3F3AFEE414C04EF300A992F7 /* Release */ = {
			isa = XCBuildConfiguration;
			buildSettings = {
				ALWAYS_SEARCH_USER_PATHS = NO;
				ARCHS = "$(ARCHS_STANDARD_32_BIT)";
				"CODE_SIGN_IDENTITY[sdk=iphoneos*]" = "iPhone Developer";
				COPY_PHASE_STRIP = YES;
				GCC_C_LANGUAGE_STANDARD = gnu99;
				GCC_VERSION = com.apple.compilers.llvmgcc42;
				GCC_WARN_ABOUT_MISSING_PROTOTYPES = YES;
				GCC_WARN_ABOUT_RETURN_TYPE = YES;
				GCC_WARN_UNUSED_VARIABLE = YES;
				IPHONEOS_DEPLOYMENT_TARGET = 4.3;
				OTHER_CFLAGS = "-DNS_BLOCK_ASSERTIONS=1";
				SDKROOT = iphoneos;
				VALIDATE_PRODUCT = YES;
			};
			name = Release;
		};
		3F3AFEE614C04EF300A992F7 /* Debug */ = {
			isa = XCBuildConfiguration;
			buildSettings = {
				GCC_PRECOMPILE_PREFIX_HEADER = YES;
				GCC_PREFIX_HEADER = "DrinkingGame/DrinkingGame-Prefix.pch";
				INFOPLIST_FILE = "DrinkingGame/DrinkingGame-Info.plist";
				IPHONEOS_DEPLOYMENT_TARGET = 4.3;
				PRODUCT_NAME = "$(TARGET_NAME)";
				TARGETED_DEVICE_FAMILY = 1;
				WRAPPER_EXTENSION = app;
			};
			name = Debug;
		};
		3F3AFEE714C04EF300A992F7 /* Release */ = {
			isa = XCBuildConfiguration;
			buildSettings = {
				GCC_PRECOMPILE_PREFIX_HEADER = YES;
				GCC_PREFIX_HEADER = "DrinkingGame/DrinkingGame-Prefix.pch";
				INFOPLIST_FILE = "DrinkingGame/DrinkingGame-Info.plist";
				IPHONEOS_DEPLOYMENT_TARGET = 4.3;
				PRODUCT_NAME = "$(TARGET_NAME)";
				TARGETED_DEVICE_FAMILY = 1;
				WRAPPER_EXTENSION = app;
			};
			name = Release;
		};
/* End XCBuildConfiguration section */

/* Begin XCConfigurationList section */
		3F3AFEBE14C04EF300A992F7 /* Build configuration list for PBXProject "DrinkingGame" */ = {
			isa = XCConfigurationList;
			buildConfigurations = (
				3F3AFEE314C04EF300A992F7 /* Debug */,
				3F3AFEE414C04EF300A992F7 /* Release */,
			);
			defaultConfigurationIsVisible = 0;
			defaultConfigurationName = Release;
		};
		3F3AFEE514C04EF300A992F7 /* Build configuration list for PBXNativeTarget "DrinkingGame" */ = {
			isa = XCConfigurationList;
			buildConfigurations = (
				3F3AFEE614C04EF300A992F7 /* Debug */,
				3F3AFEE714C04EF300A992F7 /* Release */,
			);
			defaultConfigurationIsVisible = 0;
			defaultConfigurationName = Release;
		};
/* End XCConfigurationList section */
	};
	rootObject = 3F3AFEBB14C04EF300A992F7 /* Project object */;
}
