// !$*UTF8*$!
{
	archiveVersion = 1;
	classes = {
	};
	objectVersion = 46;
	objects = {

/* Begin PBXBuildFile section */
		3F10BE3414C9960800220F88 /* simon_blue_dwn.png in Resources */ = {isa = PBXBuildFile; fileRef = 3F10BE2C14C9960800220F88 /* simon_blue_dwn.png */; };
		3F10BE3514C9960800220F88 /* simon_blue_up.png in Resources */ = {isa = PBXBuildFile; fileRef = 3F10BE2D14C9960800220F88 /* simon_blue_up.png */; };
		3F10BE3614C9960800220F88 /* simon_green_dwn.png in Resources */ = {isa = PBXBuildFile; fileRef = 3F10BE2E14C9960800220F88 /* simon_green_dwn.png */; };
		3F10BE3714C9960800220F88 /* simon_green_up.png in Resources */ = {isa = PBXBuildFile; fileRef = 3F10BE2F14C9960800220F88 /* simon_green_up.png */; };
		3F10BE3814C9960800220F88 /* simon_red_dwn.png in Resources */ = {isa = PBXBuildFile; fileRef = 3F10BE3014C9960800220F88 /* simon_red_dwn.png */; };
		3F10BE3914C9960800220F88 /* simon_red_up.png in Resources */ = {isa = PBXBuildFile; fileRef = 3F10BE3114C9960800220F88 /* simon_red_up.png */; };
		3F10BE3A14C9960800220F88 /* simon_yel_dwn.png in Resources */ = {isa = PBXBuildFile; fileRef = 3F10BE3214C9960800220F88 /* simon_yel_dwn.png */; };
		3F10BE3B14C9960800220F88 /* simon_yel_up.png in Resources */ = {isa = PBXBuildFile; fileRef = 3F10BE3314C9960800220F88 /* simon_yel_up.png */; };
		3F3AFEC914C04EF300A992F7 /* UIKit.framework in Frameworks */ = {isa = PBXBuildFile; fileRef = 3F3AFEC814C04EF300A992F7 /* UIKit.framework */; };
		3F3AFECB14C04EF300A992F7 /* Foundation.framework in Frameworks */ = {isa = PBXBuildFile; fileRef = 3F3AFECA14C04EF300A992F7 /* Foundation.framework */; };
		3F3AFECD14C04EF300A992F7 /* CoreGraphics.framework in Frameworks */ = {isa = PBXBuildFile; fileRef = 3F3AFECC14C04EF300A992F7 /* CoreGraphics.framework */; };
		3F3AFED314C04EF300A992F7 /* InfoPlist.strings in Resources */ = {isa = PBXBuildFile; fileRef = 3F3AFED114C04EF300A992F7 /* InfoPlist.strings */; };
		3F3AFED514C04EF300A992F7 /* main.m in Sources */ = {isa = PBXBuildFile; fileRef = 3F3AFED414C04EF300A992F7 /* main.m */; };
		3F3AFED914C04EF300A992F7 /* DrinkingGameAppDelegate.m in Sources */ = {isa = PBXBuildFile; fileRef = 3F3AFED814C04EF300A992F7 /* DrinkingGameAppDelegate.m */; };
		3F3AFEDC14C04EF300A992F7 /* MainWindow.xib in Resources */ = {isa = PBXBuildFile; fileRef = 3F3AFEDA14C04EF300A992F7 /* MainWindow.xib */; };
		3F3AFEDF14C04EF300A992F7 /* DrinkingGameViewController.m in Sources */ = {isa = PBXBuildFile; fileRef = 3F3AFEDE14C04EF300A992F7 /* DrinkingGameViewController.m */; };
		3F3AFEE214C04EF300A992F7 /* DrinkingGameViewController.xib in Resources */ = {isa = PBXBuildFile; fileRef = 3F3AFEE014C04EF300A992F7 /* DrinkingGameViewController.xib */; };
		3F40EB8F14C9A85D009B35A5 /* CoreData.framework in Frameworks */ = {isa = PBXBuildFile; fileRef = 3F40EB8E14C9A85D009B35A5 /* CoreData.framework */; };
		3FBCABE414C97F4E0032EBA1 /* DGGame.m in Sources */ = {isa = PBXBuildFile; fileRef = 3FBCABE214C97F4E0032EBA1 /* DGGame.m */; };
		3FC64CE514D178D8007D2F87 /* DGData.xcdatamodeld in Sources */ = {isa = PBXBuildFile; fileRef = 3FC64CE314D178D8007D2F87 /* DGData.xcdatamodeld */; };
		3FC64CE814D17AF6007D2F87 /* DGPlayer.m in Sources */ = {isa = PBXBuildFile; fileRef = 3FC64CE714D17AF6007D2F87 /* DGPlayer.m */; };
		3FC64CEE14D17B43007D2F87 /* DGDrink.m in Sources */ = {isa = PBXBuildFile; fileRef = 3FC64CED14D17B43007D2F87 /* DGDrink.m */; };
		3FE08EF714C98B3F0010A03C /* DGRandomShot.m in Sources */ = {isa = PBXBuildFile; fileRef = 3FE08EF514C98B3F0010A03C /* DGRandomShot.m */; };
		3FE08EF814C98B3F0010A03C /* DGRandomShot.xib in Resources */ = {isa = PBXBuildFile; fileRef = 3FE08EF614C98B3F0010A03C /* DGRandomShot.xib */; };
		3FE08EFE14C992E00010A03C /* simon.png in Resources */ = {isa = PBXBuildFile; fileRef = 3FE08EFB14C992E00010A03C /* simon.png */; };
		3FE08EFF14C992E00010A03C /* simon.psd in Resources */ = {isa = PBXBuildFile; fileRef = 3FE08EFC14C992E00010A03C /* simon.psd */; };
		3FE08F0014C992E00010A03C /* simon_light.png in Resources */ = {isa = PBXBuildFile; fileRef = 3FE08EFD14C992E00010A03C /* simon_light.png */; };
/* End PBXBuildFile section */

/* Begin PBXFileReference section */
		3F10BE2C14C9960800220F88 /* simon_blue_dwn.png */ = {isa = PBXFileReference; lastKnownFileType = image.png; path = simon_blue_dwn.png; sourceTree = "<group>"; };
		3F10BE2D14C9960800220F88 /* simon_blue_up.png */ = {isa = PBXFileReference; lastKnownFileType = image.png; path = simon_blue_up.png; sourceTree = "<group>"; };
		3F10BE2E14C9960800220F88 /* simon_green_dwn.png */ = {isa = PBXFileReference; lastKnownFileType = image.png; path = simon_green_dwn.png; sourceTree = "<group>"; };
		3F10BE2F14C9960800220F88 /* simon_green_up.png */ = {isa = PBXFileReference; lastKnownFileType = image.png; path = simon_green_up.png; sourceTree = "<group>"; };
		3F10BE3014C9960800220F88 /* simon_red_dwn.png */ = {isa = PBXFileReference; lastKnownFileType = image.png; path = simon_red_dwn.png; sourceTree = "<group>"; };
		3F10BE3114C9960800220F88 /* simon_red_up.png */ = {isa = PBXFileReference; lastKnownFileType = image.png; path = simon_red_up.png; sourceTree = "<group>"; };
		3F10BE3214C9960800220F88 /* simon_yel_dwn.png */ = {isa = PBXFileReference; lastKnownFileType = image.png; path = simon_yel_dwn.png; sourceTree = "<group>"; };
		3F10BE3314C9960800220F88 /* simon_yel_up.png */ = {isa = PBXFileReference; lastKnownFileType = image.png; path = simon_yel_up.png; sourceTree = "<group>"; };
		3F3AFEC414C04EF300A992F7 /* DrinkingGame.app */ = {isa = PBXFileReference; explicitFileType = wrapper.application; includeInIndex = 0; path = DrinkingGame.app; sourceTree = BUILT_PRODUCTS_DIR; };
		3F3AFEC814C04EF300A992F7 /* UIKit.framework */ = {isa = PBXFileReference; lastKnownFileType = wrapper.framework; name = UIKit.framework; path = System/Library/Frameworks/UIKit.framework; sourceTree = SDKROOT; };
		3F3AFECA14C04EF300A992F7 /* Foundation.framework */ = {isa = PBXFileReference; lastKnownFileType = wrapper.framework; name = Foundation.framework; path = System/Library/Frameworks/Foundation.framework; sourceTree = SDKROOT; };
		3F3AFECC14C04EF300A992F7 /* CoreGraphics.framework */ = {isa = PBXFileReference; lastKnownFileType = wrapper.framework; name = CoreGraphics.framework; path = System/Library/Frameworks/CoreGraphics.framework; sourceTree = SDKROOT; };
		3F3AFED014C04EF300A992F7 /* DrinkingGame-Info.plist */ = {isa = PBXFileReference; lastKnownFileType = text.plist.xml; path = "DrinkingGame-Info.plist"; sourceTree = "<group>"; };
		3F3AFED214C04EF300A992F7 /* en */ = {isa = PBXFileReference; lastKnownFileType = text.plist.strings; name = en; path = en.lproj/InfoPlist.strings; sourceTree = "<group>"; };
		3F3AFED414C04EF300A992F7 /* main.m */ = {isa = PBXFileReference; lastKnownFileType = sourcecode.c.objc; path = main.m; sourceTree = "<group>"; };
		3F3AFED614C04EF300A992F7 /* DrinkingGame-Prefix.pch */ = {isa = PBXFileReference; lastKnownFileType = sourcecode.c.h; path = "DrinkingGame-Prefix.pch"; sourceTree = "<group>"; };
		3F3AFED714C04EF300A992F7 /* DrinkingGameAppDelegate.h */ = {isa = PBXFileReference; lastKnownFileType = sourcecode.c.h; path = DrinkingGameAppDelegate.h; sourceTree = "<group>"; };
		3F3AFED814C04EF300A992F7 /* DrinkingGameAppDelegate.m */ = {isa = PBXFileReference; lastKnownFileType = sourcecode.c.objc; path = DrinkingGameAppDelegate.m; sourceTree = "<group>"; };
		3F3AFEDB14C04EF300A992F7 /* en */ = {isa = PBXFileReference; lastKnownFileType = file.xib; name = en; path = en.lproj/MainWindow.xib; sourceTree = "<group>"; };
		3F3AFEDD14C04EF300A992F7 /* DrinkingGameViewController.h */ = {isa = PBXFileReference; lastKnownFileType = sourcecode.c.h; path = DrinkingGameViewController.h; sourceTree = "<group>"; };
		3F3AFEDE14C04EF300A992F7 /* DrinkingGameViewController.m */ = {isa = PBXFileReference; lastKnownFileType = sourcecode.c.objc; path = DrinkingGameViewController.m; sourceTree = "<group>"; };
		3F3AFEE114C04EF300A992F7 /* en */ = {isa = PBXFileReference; lastKnownFileType = file.xib; name = en; path = en.lproj/DrinkingGameViewController.xib; sourceTree = "<group>"; };
		3F40EB8E14C9A85D009B35A5 /* CoreData.framework */ = {isa = PBXFileReference; lastKnownFileType = wrapper.framework; name = CoreData.framework; path = System/Library/Frameworks/CoreData.framework; sourceTree = SDKROOT; };
		3FBCABE114C97F4E0032EBA1 /* DGGame.h */ = {isa = PBXFileReference; fileEncoding = 4; lastKnownFileType = sourcecode.c.h; path = DGGame.h; sourceTree = "<group>"; };
		3FBCABE214C97F4E0032EBA1 /* DGGame.m */ = {isa = PBXFileReference; fileEncoding = 4; lastKnownFileType = sourcecode.c.objc; path = DGGame.m; sourceTree = "<group>"; };
		3FC64CE414D178D8007D2F87 /* DGData.xcdatamodel */ = {isa = PBXFileReference; lastKnownFileType = wrapper.xcdatamodel; path = DGData.xcdatamodel; sourceTree = "<group>"; };
		3FC64CE614D17AF6007D2F87 /* DGPlayer.h */ = {isa = PBXFileReference; fileEncoding = 4; lastKnownFileType = sourcecode.c.h; path = DGPlayer.h; sourceTree = "<group>"; };
		3FC64CE714D17AF6007D2F87 /* DGPlayer.m */ = {isa = PBXFileReference; fileEncoding = 4; lastKnownFileType = sourcecode.c.objc; path = DGPlayer.m; sourceTree = "<group>"; };
		3FC64CEC14D17B43007D2F87 /* DGDrink.h */ = {isa = PBXFileReference; fileEncoding = 4; lastKnownFileType = sourcecode.c.h; path = DGDrink.h; sourceTree = "<group>"; };
		3FC64CED14D17B43007D2F87 /* DGDrink.m */ = {isa = PBXFileReference; fileEncoding = 4; lastKnownFileType = sourcecode.c.objc; path = DGDrink.m; sourceTree = "<group>"; };
		3FE08EF414C98B3F0010A03C /* DGRandomShot.h */ = {isa = PBXFileReference; fileEncoding = 4; lastKnownFileType = sourcecode.c.h; path = DGRandomShot.h; sourceTree = "<group>"; };
		3FE08EF514C98B3F0010A03C /* DGRandomShot.m */ = {isa = PBXFileReference; fileEncoding = 4; lastKnownFileType = sourcecode.c.objc; path = DGRandomShot.m; sourceTree = "<group>"; };
		3FE08EF614C98B3F0010A03C /* DGRandomShot.xib */ = {isa = PBXFileReference; fileEncoding = 4; lastKnownFileType = file.xib; path = DGRandomShot.xib; sourceTree = "<group>"; };
		3FE08EFB14C992E00010A03C /* simon.png */ = {isa = PBXFileReference; lastKnownFileType = image.png; path = simon.png; sourceTree = "<group>"; };
		3FE08EFC14C992E00010A03C /* simon.psd */ = {isa = PBXFileReference; lastKnownFileType = file; path = simon.psd; sourceTree = "<group>"; };
		3FE08EFD14C992E00010A03C /* simon_light.png */ = {isa = PBXFileReference; lastKnownFileType = image.png; path = simon_light.png; sourceTree = "<group>"; };
/* End PBXFileReference section */

/* Begin PBXFrameworksBuildPhase section */
		3F3AFEC114C04EF300A992F7 /* Frameworks */ = {
			isa = PBXFrameworksBuildPhase;
			buildActionMask = 2147483647;
			files = (
				3F40EB8F14C9A85D009B35A5 /* CoreData.framework in Frameworks */,
				3F3AFEC914C04EF300A992F7 /* UIKit.framework in Frameworks */,
				3F3AFECB14C04EF300A992F7 /* Foundation.framework in Frameworks */,
				3F3AFECD14C04EF300A992F7 /* CoreGraphics.framework in Frameworks */,
			);
			runOnlyForDeploymentPostprocessing = 0;
		};
/* End PBXFrameworksBuildPhase section */

/* Begin PBXGroup section */
		3F10BE2B14C9960800220F88 /* images */ = {
			isa = PBXGroup;
			children = (
				3F10BE2C14C9960800220F88 /* simon_blue_dwn.png */,
				3F10BE2D14C9960800220F88 /* simon_blue_up.png */,
				3F10BE2E14C9960800220F88 /* simon_green_dwn.png */,
				3F10BE2F14C9960800220F88 /* simon_green_up.png */,
				3F10BE3014C9960800220F88 /* simon_red_dwn.png */,
				3F10BE3114C9960800220F88 /* simon_red_up.png */,
				3F10BE3214C9960800220F88 /* simon_yel_dwn.png */,
				3F10BE3314C9960800220F88 /* simon_yel_up.png */,
			);
			path = images;
			sourceTree = "<group>";
		};
		3F10BE9214C99B7E00220F88 /* DGPlayer */ = {
			isa = PBXGroup;
			children = (
				3FC64CE614D17AF6007D2F87 /* DGPlayer.h */,
				3FC64CE714D17AF6007D2F87 /* DGPlayer.m */,
			);
			name = DGPlayer;
			sourceTree = "<group>";
		};
		3F3AFEB914C04EF300A992F7 = {
			isa = PBXGroup;
			children = (
				3F40EB8E14C9A85D009B35A5 /* CoreData.framework */,
				3F3AFECE14C04EF300A992F7 /* DrinkingGame */,
				3F3AFEC714C04EF300A992F7 /* Frameworks */,
				3F3AFEC514C04EF300A992F7 /* Products */,
			);
			sourceTree = "<group>";
		};
		3F3AFEC514C04EF300A992F7 /* Products */ = {
			isa = PBXGroup;
			children = (
				3F3AFEC414C04EF300A992F7 /* DrinkingGame.app */,
			);
			name = Products;
			sourceTree = "<group>";
		};
		3F3AFEC714C04EF300A992F7 /* Frameworks */ = {
			isa = PBXGroup;
			children = (
				3F3AFEC814C04EF300A992F7 /* UIKit.framework */,
				3F3AFECA14C04EF300A992F7 /* Foundation.framework */,
				3F3AFECC14C04EF300A992F7 /* CoreGraphics.framework */,
			);
			name = Frameworks;
			sourceTree = "<group>";
		};
		3F3AFECE14C04EF300A992F7 /* DrinkingGame */ = {
			isa = PBXGroup;
			children = (
				3FC64CE314D178D8007D2F87 /* DGData.xcdatamodeld */,
				3FE08EFA14C992E00010A03C /* resources */,
				3F3AFED714C04EF300A992F7 /* DrinkingGameAppDelegate.h */,
				3F3AFED814C04EF300A992F7 /* DrinkingGameAppDelegate.m */,
				3F3AFEDA14C04EF300A992F7 /* MainWindow.xib */,
				3F3AFEDD14C04EF300A992F7 /* DrinkingGameViewController.h */,
				3F3AFEDE14C04EF300A992F7 /* DrinkingGameViewController.m */,
				3F3AFEE014C04EF300A992F7 /* DrinkingGameViewController.xib */,
				3F3AFECF14C04EF300A992F7 /* Supporting Files */,
				3FE08EF314C98A8F0010A03C /* DGRandomShot */,
				3FBCABE114C97F4E0032EBA1 /* DGGame.h */,
				3FBCABE214C97F4E0032EBA1 /* DGGame.m */,
				3FC64CEA14D17B19007D2F87 /* DGDrink */,
				3F10BE9214C99B7E00220F88 /* DGPlayer */,
			);
			path = DrinkingGame;
			sourceTree = "<group>";
		};
		3F3AFECF14C04EF300A992F7 /* Supporting Files */ = {
			isa = PBXGroup;
			children = (
				3F3AFED014C04EF300A992F7 /* DrinkingGame-Info.plist */,
				3F3AFED114C04EF300A992F7 /* InfoPlist.strings */,
				3F3AFED414C04EF300A992F7 /* main.m */,
				3F3AFED614C04EF300A992F7 /* DrinkingGame-Prefix.pch */,
			);
			name = "Supporting Files";
			sourceTree = "<group>";
		};
		3FC64CEA14D17B19007D2F87 /* DGDrink */ = {
			isa = PBXGroup;
			children = (
				3FC64CEC14D17B43007D2F87 /* DGDrink.h */,
				3FC64CED14D17B43007D2F87 /* DGDrink.m */,
			);
			name = DGDrink;
			sourceTree = "<group>";
		};
		3FE08EF314C98A8F0010A03C /* DGRandomShot */ = {
			isa = PBXGroup;
			children = (
				3FE08EF414C98B3F0010A03C /* DGRandomShot.h */,
				3FE08EF514C98B3F0010A03C /* DGRandomShot.m */,
				3FE08EF614C98B3F0010A03C /* DGRandomShot.xib */,
			);
			name = DGRandomShot;
			sourceTree = "<group>";
		};
		3FE08EFA14C992E00010A03C /* resources */ = {
			isa = PBXGroup;
			children = (
				3F10BE2B14C9960800220F88 /* images */,
				3FE08EFB14C992E00010A03C /* simon.png */,
				3FE08EFC14C992E00010A03C /* simon.psd */,
				3FE08EFD14C992E00010A03C /* simon_light.png */,
			);
			path = resources;
			sourceTree = "<group>";
		};
/* End PBXGroup section */

/* Begin PBXNativeTarget section */
		3F3AFEC314C04EF300A992F7 /* DrinkingGame */ = {
			isa = PBXNativeTarget;
			buildConfigurationList = 3F3AFEE514C04EF300A992F7 /* Build configuration list for PBXNativeTarget "DrinkingGame" */;
			buildPhases = (
				3F3AFEC014C04EF300A992F7 /* Sources */,
				3F3AFEC114C04EF300A992F7 /* Frameworks */,
				3F3AFEC214C04EF300A992F7 /* Resources */,
			);
			buildRules = (
			);
			dependencies = (
			);
			name = DrinkingGame;
			productName = DrinkingGame;
			productReference = 3F3AFEC414C04EF300A992F7 /* DrinkingGame.app */;
			productType = "com.apple.product-type.application";
		};
/* End PBXNativeTarget section */

/* Begin PBXProject section */
		3F3AFEBB14C04EF300A992F7 /* Project object */ = {
			isa = PBXProject;
			buildConfigurationList = 3F3AFEBE14C04EF300A992F7 /* Build configuration list for PBXProject "DrinkingGame" */;
			compatibilityVersion = "Xcode 3.2";
			developmentRegion = English;
			hasScannedForEncodings = 0;
			knownRegions = (
				en,
			);
			mainGroup = 3F3AFEB914C04EF300A992F7;
			productRefGroup = 3F3AFEC514C04EF300A992F7 /* Products */;
			projectDirPath = "";
			projectRoot = "";
			targets = (
				3F3AFEC314C04EF300A992F7 /* DrinkingGame */,
			);
		};
/* End PBXProject section */

/* Begin PBXResourcesBuildPhase section */
		3F3AFEC214C04EF300A992F7 /* Resources */ = {
			isa = PBXResourcesBuildPhase;
			buildActionMask = 2147483647;
			files = (
				3F3AFED314C04EF300A992F7 /* InfoPlist.strings in Resources */,
				3F3AFEDC14C04EF300A992F7 /* MainWindow.xib in Resources */,
				3F3AFEE214C04EF300A992F7 /* DrinkingGameViewController.xib in Resources */,
				3FE08EF814C98B3F0010A03C /* DGRandomShot.xib in Resources */,
				3FE08EFE14C992E00010A03C /* simon.png in Resources */,
				3FE08EFF14C992E00010A03C /* simon.psd in Resources */,
				3FE08F0014C992E00010A03C /* simon_light.png in Resources */,
				3F10BE3414C9960800220F88 /* simon_blue_dwn.png in Resources */,
				3F10BE3514C9960800220F88 /* simon_blue_up.png in Resources */,
				3F10BE3614C9960800220F88 /* simon_green_dwn.png in Resources */,
				3F10BE3714C9960800220F88 /* simon_green_up.png in Resources */,
				3F10BE3814C9960800220F88 /* simon_red_dwn.png in Resources */,
				3F10BE3914C9960800220F88 /* simon_red_up.png in Resources */,
				3F10BE3A14C9960800220F88 /* simon_yel_dwn.png in Resources */,
				3F10BE3B14C9960800220F88 /* simon_yel_up.png in Resources */,
			);
			runOnlyForDeploymentPostprocessing = 0;
		};
/* End PBXResourcesBuildPhase section */

/* Begin PBXSourcesBuildPhase section */
		3F3AFEC014C04EF300A992F7 /* Sources */ = {
			isa = PBXSourcesBuildPhase;
			buildActionMask = 2147483647;
			files = (
				3F3AFED514C04EF300A992F7 /* main.m in Sources */,
				3F3AFED914C04EF300A992F7 /* DrinkingGameAppDelegate.m in Sources */,
				3F3AFEDF14C04EF300A992F7 /* DrinkingGameViewController.m in Sources */,
				3FBCABE414C97F4E0032EBA1 /* DGGame.m in Sources */,
				3FE08EF714C98B3F0010A03C /* DGRandomShot.m in Sources */,
				3FC64CE514D178D8007D2F87 /* DGData.xcdatamodeld in Sources */,
				3FC64CE814D17AF6007D2F87 /* DGPlayer.m in Sources */,
				3FC64CEE14D17B43007D2F87 /* DGDrink.m in Sources */,
			);
			runOnlyForDeploymentPostprocessing = 0;
		};
/* End PBXSourcesBuildPhase section */

/* Begin PBXVariantGroup section */
		3F3AFED114C04EF300A992F7 /* InfoPlist.strings */ = {
			isa = PBXVariantGroup;
			children = (
				3F3AFED214C04EF300A992F7 /* en */,
			);
			name = InfoPlist.strings;
			sourceTree = "<group>";
		};
		3F3AFEDA14C04EF300A992F7 /* MainWindow.xib */ = {
			isa = PBXVariantGroup;
			children = (
				3F3AFEDB14C04EF300A992F7 /* en */,
			);
			name = MainWindow.xib;
			sourceTree = "<group>";
		};
		3F3AFEE014C04EF300A992F7 /* DrinkingGameViewController.xib */ = {
			isa = PBXVariantGroup;
			children = (
				3F3AFEE114C04EF300A992F7 /* en */,
			);
			name = DrinkingGameViewController.xib;
			sourceTree = "<group>";
		};
/* End PBXVariantGroup section */

/* Begin XCBuildConfiguration section */
		3F3AFEE314C04EF300A992F7 /* Debug */ = {
			isa = XCBuildConfiguration;
			buildSettings = {
				ALWAYS_SEARCH_USER_PATHS = NO;
				ARCHS = "$(ARCHS_STANDARD_32_BIT)";
				"CODE_SIGN_IDENTITY[sdk=iphoneos*]" = "iPhone Developer";
				COPY_PHASE_STRIP = NO;
				GCC_C_LANGUAGE_STANDARD = gnu99;
				GCC_DYNAMIC_NO_PIC = NO;
				GCC_OPTIMIZATION_LEVEL = 0;
				GCC_PREPROCESSOR_DEFINITIONS = (
					"DEBUG=1",
					"$(inherited)",
				);
				GCC_SYMBOLS_PRIVATE_EXTERN = NO;
				GCC_VERSION = com.apple.compilers.llvmgcc42;
				GCC_WARN_ABOUT_MISSING_PROTOTYPES = YES;
				GCC_WARN_ABOUT_RETURN_TYPE = YES;
				GCC_WARN_UNUSED_VARIABLE = YES;
				IPHONEOS_DEPLOYMENT_TARGET = 4.3;
				SDKROOT = iphoneos;
			};
			name = Debug;
		};
		3F3AFEE414C04EF300A992F7 /* Release */ = {
			isa = XCBuildConfiguration;
			buildSettings = {
				ALWAYS_SEARCH_USER_PATHS = NO;
				ARCHS = "$(ARCHS_STANDARD_32_BIT)";
				"CODE_SIGN_IDENTITY[sdk=iphoneos*]" = "iPhone Developer";
				COPY_PHASE_STRIP = YES;
				GCC_C_LANGUAGE_STANDARD = gnu99;
				GCC_VERSION = com.apple.compilers.llvmgcc42;
				GCC_WARN_ABOUT_MISSING_PROTOTYPES = YES;
				GCC_WARN_ABOUT_RETURN_TYPE = YES;
				GCC_WARN_UNUSED_VARIABLE = YES;
				IPHONEOS_DEPLOYMENT_TARGET = 4.3;
				OTHER_CFLAGS = "-DNS_BLOCK_ASSERTIONS=1";
				SDKROOT = iphoneos;
				VALIDATE_PRODUCT = YES;
			};
			name = Release;
		};
		3F3AFEE614C04EF300A992F7 /* Debug */ = {
			isa = XCBuildConfiguration;
			buildSettings = {
				GCC_PRECOMPILE_PREFIX_HEADER = YES;
				GCC_PREFIX_HEADER = "DrinkingGame/DrinkingGame-Prefix.pch";
				INFOPLIST_FILE = "DrinkingGame/DrinkingGame-Info.plist";
				PRODUCT_NAME = "$(TARGET_NAME)";
				WRAPPER_EXTENSION = app;
			};
			name = Debug;
		};
		3F3AFEE714C04EF300A992F7 /* Release */ = {
			isa = XCBuildConfiguration;
			buildSettings = {
				GCC_PRECOMPILE_PREFIX_HEADER = YES;
				GCC_PREFIX_HEADER = "DrinkingGame/DrinkingGame-Prefix.pch";
				INFOPLIST_FILE = "DrinkingGame/DrinkingGame-Info.plist";
				PRODUCT_NAME = "$(TARGET_NAME)";
				WRAPPER_EXTENSION = app;
			};
			name = Release;
		};
/* End XCBuildConfiguration section */

/* Begin XCConfigurationList section */
		3F3AFEBE14C04EF300A992F7 /* Build configuration list for PBXProject "DrinkingGame" */ = {
			isa = XCConfigurationList;
			buildConfigurations = (
				3F3AFEE314C04EF300A992F7 /* Debug */,
				3F3AFEE414C04EF300A992F7 /* Release */,
			);
			defaultConfigurationIsVisible = 0;
			defaultConfigurationName = Release;
		};
		3F3AFEE514C04EF300A992F7 /* Build configuration list for PBXNativeTarget "DrinkingGame" */ = {
			isa = XCConfigurationList;
			buildConfigurations = (
				3F3AFEE614C04EF300A992F7 /* Debug */,
				3F3AFEE714C04EF300A992F7 /* Release */,
			);
			defaultConfigurationIsVisible = 0;
			defaultConfigurationName = Release;
		};
/* End XCConfigurationList section */

/* Begin XCVersionGroup section */
		3FC64CE314D178D8007D2F87 /* DGData.xcdatamodeld */ = {
			isa = XCVersionGroup;
			children = (
				3FC64CE414D178D8007D2F87 /* DGData.xcdatamodel */,
			);
			currentVersion = 3FC64CE414D178D8007D2F87 /* DGData.xcdatamodel */;
			path = DGData.xcdatamodeld;
			sourceTree = "<group>";
			versionGroupType = wrapper.xcdatamodel;
		};
/* End XCVersionGroup section */
	};
	rootObject = 3F3AFEBB14C04EF300A992F7 /* Project object */;
}
